# This file is generated by running "yarn install" inside your project.
# Manual changes might be lost - proceed with caution!

__metadata:
  version: 10
  cacheKey: 10c0

"oh-my-codes-darwin-arm64@workspace:*, oh-my-codes-darwin-arm64@workspace:packages/omc/dist/darwin-arm64":
  version: 0.0.0-use.local
  resolution: "oh-my-codes-darwin-arm64@workspace:packages/omc/dist/darwin-arm64"
  bin:
    oh-my-codes: bin/omc
    omc: bin/omc
  languageName: unknown
  linkType: soft

"oh-my-codes-darwin-x64@workspace:*, oh-my-codes-darwin-x64@workspace:packages/omc/dist/darwin-x64":
  version: 0.0.0-use.local
  resolution: "oh-my-codes-darwin-x64@workspace:packages/omc/dist/darwin-x64"
  bin:
    oh-my-codes: bin/omc
    omc: bin/omc
  languageName: unknown
  linkType: soft

"oh-my-codes-linux-arm64@workspace:*, oh-my-codes-linux-arm64@workspace:packages/omc/dist/linux-arm64":
  version: 0.0.0-use.local
  resolution: "oh-my-codes-linux-arm64@workspace:packages/omc/dist/linux-arm64"
  bin:
    oh-my-codes: bin/omc
    omc: bin/omc
  languageName: unknown
  linkType: soft

"oh-my-codes-linux-x64@workspace:*, oh-my-codes-linux-x64@workspace:packages/omc/dist/linux-x64":
  version: 0.0.0-use.local
  resolution: "oh-my-codes-linux-x64@workspace:packages/omc/dist/linux-x64"
  bin:
    oh-my-codes: bin/omc
    omc: bin/omc
  languageName: unknown
  linkType: soft

"oh-my-codes-win32-x64@workspace:*, oh-my-codes-win32-x64@workspace:packages/omc/dist/win32-x64":
  version: 0.0.0-use.local
  resolution: "oh-my-codes-win32-x64@workspace:packages/omc/dist/win32-x64"
  bin:
    oh-my-codes: bin/omc.exe
    omc: bin/omc.exe
  languageName: unknown
  linkType: soft

"oh-my-codes@workspace:packages/omc":
  version: 0.0.0-use.local
  resolution: "oh-my-codes@workspace:packages/omc"
  dependencies:
    oh-my-codes-darwin-arm64: "workspace:*"
    oh-my-codes-darwin-x64: "workspace:*"
    oh-my-codes-linux-arm64: "workspace:*"
    oh-my-codes-linux-x64: "workspace:*"
    oh-my-codes-win32-x64: "workspace:*"
  dependenciesMeta:
    oh-my-codes-darwin-arm64:
      optional: true
    oh-my-codes-darwin-x64:
      optional: true
    oh-my-codes-linux-arm64:
      optional: true
    oh-my-codes-linux-x64:
      optional: true
    oh-my-codes-win32-x64:
      optional: true
  bin:
    oh-my-codes: bin/omc.js
    omc: bin/omc.js
    omcd: bin/omcd.js
  languageName: unknown
  linkType: soft

"omc-root@workspace:.":
  version: 0.0.0-use.local
  resolution: "omc-root@workspace:."
  languageName: unknown
  linkType: soft
